// !$*UTF8*$!
{
	archiveVersion = 1;
	classes = {
	};
	objectVersion = 50;
	objects = {

/* Begin PBXBuildFile section */
		AA1AA67A25946DAA00A038BF /* LogView.swift in Sources */ = {isa = PBXBuildFile; fileRef = AA1AA67925946DAA00A038BF /* LogView.swift */; };
		AA1AA6A42595357600A038BF /* ExerciseSheetView.swift in Sources */ = {isa = PBXBuildFile; fileRef = AA1AA6A22595357600A038BF /* ExerciseSheetView.swift */; };
		AA1AA6A52595357600A038BF /* WorkoutFetcher+Exercise.swift in Sources */ = {isa = PBXBuildFile; fileRef = AA1AA6A32595357600A038BF /* WorkoutFetcher+Exercise.swift */; };
		AA59C93E2533856A0035DC87 /* bromoApp.swift in Sources */ = {isa = PBXBuildFile; fileRef = AA59C93D2533856A0035DC87 /* bromoApp.swift */; };
		AA59C9402533856A0035DC87 /* WorkoutView.swift in Sources */ = {isa = PBXBuildFile; fileRef = AA59C93F2533856A0035DC87 /* WorkoutView.swift */; };
		AA59C9422533856B0035DC87 /* Assets.xcassets in Resources */ = {isa = PBXBuildFile; fileRef = AA59C9412533856B0035DC87 /* Assets.xcassets */; };
		AA59C9452533856B0035DC87 /* Preview Assets.xcassets in Resources */ = {isa = PBXBuildFile; fileRef = AA59C9442533856B0035DC87 /* Preview Assets.xcassets */; };
		AA74FAA8259670EF00CF4135 /* lifts.json in Resources */ = {isa = PBXBuildFile; fileRef = AA74FAA7259670EF00CF4135 /* lifts.json */; };
		AA74FAAB25967D1800CF4135 /* workouts+lifts.swift in Sources */ = {isa = PBXBuildFile; fileRef = AA74FAAA25967D1800CF4135 /* workouts+lifts.swift */; };
		AA8625CC2546118300D2B60E /* BroDataStore.swift in Sources */ = {isa = PBXBuildFile; fileRef = AA8625CB2546118300D2B60E /* BroDataStore.swift */; };
		AA8625D2254611D600D2B60E /* BroDataModel.xcdatamodeld in Sources */ = {isa = PBXBuildFile; fileRef = AA8625D0254611D600D2B60E /* BroDataModel.xcdatamodeld */; };
		AAA417722596CAA1006B8CD5 /* workouts.json in Resources */ = {isa = PBXBuildFile; fileRef = AAA417712596CAA1006B8CD5 /* workouts.json */; };
		AAAA0027253CADE6001E4EF4 /* MainView.swift in Sources */ = {isa = PBXBuildFile; fileRef = AAAA0026253CADE6001E4EF4 /* MainView.swift */; };
		AAAA0089253D2866001E4EF4 /* ConfigurationView.swift in Sources */ = {isa = PBXBuildFile; fileRef = AAAA0088253D2866001E4EF4 /* ConfigurationView.swift */; };
/* End PBXBuildFile section */

/* Begin PBXFileReference section */
		AA1AA67925946DAA00A038BF /* LogView.swift */ = {isa = PBXFileReference; lastKnownFileType = sourcecode.swift; path = LogView.swift; sourceTree = "<group>"; };
		AA1AA6A22595357600A038BF /* ExerciseSheetView.swift */ = {isa = PBXFileReference; fileEncoding = 4; lastKnownFileType = sourcecode.swift; path = ExerciseSheetView.swift; sourceTree = "<group>"; };
		AA1AA6A32595357600A038BF /* WorkoutFetcher+Exercise.swift */ = {isa = PBXFileReference; fileEncoding = 4; lastKnownFileType = sourcecode.swift; path = "WorkoutFetcher+Exercise.swift"; sourceTree = "<group>"; };
		AA59C93A2533856A0035DC87 /* bromo.app */ = {isa = PBXFileReference; explicitFileType = wrapper.application; includeInIndex = 0; path = bromo.app; sourceTree = BUILT_PRODUCTS_DIR; };
		AA59C93D2533856A0035DC87 /* bromoApp.swift */ = {isa = PBXFileReference; lastKnownFileType = sourcecode.swift; path = bromoApp.swift; sourceTree = "<group>"; };
		AA59C93F2533856A0035DC87 /* WorkoutView.swift */ = {isa = PBXFileReference; lastKnownFileType = sourcecode.swift; path = WorkoutView.swift; sourceTree = "<group>"; };
		AA59C9412533856B0035DC87 /* Assets.xcassets */ = {isa = PBXFileReference; lastKnownFileType = folder.assetcatalog; path = Assets.xcassets; sourceTree = "<group>"; };
		AA59C9442533856B0035DC87 /* Preview Assets.xcassets */ = {isa = PBXFileReference; lastKnownFileType = folder.assetcatalog; path = "Preview Assets.xcassets"; sourceTree = "<group>"; };
		AA59C9462533856B0035DC87 /* Info.plist */ = {isa = PBXFileReference; lastKnownFileType = text.plist.xml; path = Info.plist; sourceTree = "<group>"; };
		AA74FAA7259670EF00CF4135 /* lifts.json */ = {isa = PBXFileReference; fileEncoding = 4; lastKnownFileType = text.json; path = lifts.json; sourceTree = "<group>"; };
		AA74FAAA25967D1800CF4135 /* workouts+lifts.swift */ = {isa = PBXFileReference; lastKnownFileType = sourcecode.swift; path = "workouts+lifts.swift"; sourceTree = "<group>"; };
		AA8625CB2546118300D2B60E /* BroDataStore.swift */ = {isa = PBXFileReference; lastKnownFileType = sourcecode.swift; path = BroDataStore.swift; sourceTree = "<group>"; };
		AA8625D1254611D600D2B60E /* BroDataModel.xcdatamodel */ = {isa = PBXFileReference; lastKnownFileType = wrapper.xcdatamodel; path = BroDataModel.xcdatamodel; sourceTree = "<group>"; };
		AAA417712596CAA1006B8CD5 /* workouts.json */ = {isa = PBXFileReference; fileEncoding = 4; lastKnownFileType = text.json; path = workouts.json; sourceTree = "<group>"; };
		AAAA0026253CADE6001E4EF4 /* MainView.swift */ = {isa = PBXFileReference; lastKnownFileType = sourcecode.swift; path = MainView.swift; sourceTree = "<group>"; };
		AAAA0088253D2866001E4EF4 /* ConfigurationView.swift */ = {isa = PBXFileReference; lastKnownFileType = sourcecode.swift; path = ConfigurationView.swift; sourceTree = "<group>"; };
/* End PBXFileReference section */

/* Begin PBXFrameworksBuildPhase section */
		AA59C9372533856A0035DC87 /* Frameworks */ = {
			isa = PBXFrameworksBuildPhase;
			buildActionMask = 2147483647;
			files = (
			);
			runOnlyForDeploymentPostprocessing = 0;
		};
/* End PBXFrameworksBuildPhase section */

/* Begin PBXGroup section */
		AA59C9312533856A0035DC87 = {
			isa = PBXGroup;
			children = (
				AA59C93C2533856A0035DC87 /* bromo */,
				AA59C93B2533856A0035DC87 /* Products */,
			);
			sourceTree = "<group>";
		};
		AA59C93B2533856A0035DC87 /* Products */ = {
			isa = PBXGroup;
			children = (
				AA59C93A2533856A0035DC87 /* bromo.app */,
			);
			name = Products;
			sourceTree = "<group>";
		};
		AA59C93C2533856A0035DC87 /* bromo */ = {
			isa = PBXGroup;
			children = (
				AA74FAA225966BF300CF4135 /* Resources */,
				AA74FA9F25965EC600CF4135 /* Views */,
				AA8625CA2546116500D2B60E /* Data */,
				AA59C93D2533856A0035DC87 /* bromoApp.swift */,
				AA59C9412533856B0035DC87 /* Assets.xcassets */,
				AA59C9462533856B0035DC87 /* Info.plist */,
				AA59C9432533856B0035DC87 /* Preview Content */,
			);
			path = bromo;
			sourceTree = "<group>";
		};
		AA59C9432533856B0035DC87 /* Preview Content */ = {
			isa = PBXGroup;
			children = (
				AA59C9442533856B0035DC87 /* Preview Assets.xcassets */,
			);
			path = "Preview Content";
			sourceTree = "<group>";
		};
		AA74FA9F25965EC600CF4135 /* Views */ = {
			isa = PBXGroup;
			children = (
				AA1AA6A22595357600A038BF /* ExerciseSheetView.swift */,
				AA59C93F2533856A0035DC87 /* WorkoutView.swift */,
				AA1AA67925946DAA00A038BF /* LogView.swift */,
				AAAA0026253CADE6001E4EF4 /* MainView.swift */,
				AAAA0088253D2866001E4EF4 /* ConfigurationView.swift */,
			);
			path = Views;
			sourceTree = "<group>";
		};
		AA74FAA225966BF300CF4135 /* Resources */ = {
			isa = PBXGroup;
			children = (
				AAA417712596CAA1006B8CD5 /* workouts.json */,
				AA74FAA7259670EF00CF4135 /* lifts.json */,
			);
			path = Resources;
			sourceTree = "<group>";
		};
		AA8625CA2546116500D2B60E /* Data */ = {
			isa = PBXGroup;
			children = (
				AA1AA6A32595357600A038BF /* WorkoutFetcher+Exercise.swift */,
				AA8625CB2546118300D2B60E /* BroDataStore.swift */,
				AA8625D0254611D600D2B60E /* BroDataModel.xcdatamodeld */,
				AA74FAAA25967D1800CF4135 /* workouts+lifts.swift */,
			);
			path = Data;
			sourceTree = "<group>";
		};
/* End PBXGroup section */

/* Begin PBXNativeTarget section */
		AA59C9392533856A0035DC87 /* bromo */ = {
			isa = PBXNativeTarget;
			buildConfigurationList = AA59C9492533856B0035DC87 /* Build configuration list for PBXNativeTarget "bromo" */;
			buildPhases = (
				AA59C9362533856A0035DC87 /* Sources */,
				AA59C9372533856A0035DC87 /* Frameworks */,
				AA59C9382533856A0035DC87 /* Resources */,
			);
			buildRules = (
			);
			dependencies = (
			);
			name = bromo;
			productName = bromo;
			productReference = AA59C93A2533856A0035DC87 /* bromo.app */;
			productType = "com.apple.product-type.application";
		};
/* End PBXNativeTarget section */

/* Begin PBXProject section */
		AA59C9322533856A0035DC87 /* Project object */ = {
			isa = PBXProject;
			attributes = {
				LastSwiftUpdateCheck = 1200;
				LastUpgradeCheck = 1200;
				TargetAttributes = {
					AA59C9392533856A0035DC87 = {
						CreatedOnToolsVersion = 12.0;
					};
				};
			};
			buildConfigurationList = AA59C9352533856A0035DC87 /* Build configuration list for PBXProject "bromo" */;
			compatibilityVersion = "Xcode 9.3";
			developmentRegion = en;
			hasScannedForEncodings = 0;
			knownRegions = (
				en,
				Base,
			);
			mainGroup = AA59C9312533856A0035DC87;
			productRefGroup = AA59C93B2533856A0035DC87 /* Products */;
			projectDirPath = "";
			projectRoot = "";
			targets = (
				AA59C9392533856A0035DC87 /* bromo */,
			);
		};
/* End PBXProject section */

/* Begin PBXResourcesBuildPhase section */
		AA59C9382533856A0035DC87 /* Resources */ = {
			isa = PBXResourcesBuildPhase;
			buildActionMask = 2147483647;
			files = (
				AA59C9452533856B0035DC87 /* Preview Assets.xcassets in Resources */,
				AA59C9422533856B0035DC87 /* Assets.xcassets in Resources */,
				AA74FAA8259670EF00CF4135 /* lifts.json in Resources */,
				AAA417722596CAA1006B8CD5 /* workouts.json in Resources */,
			);
			runOnlyForDeploymentPostprocessing = 0;
		};
/* End PBXResourcesBuildPhase section */

/* Begin PBXSourcesBuildPhase section */
		AA59C9362533856A0035DC87 /* Sources */ = {
			isa = PBXSourcesBuildPhase;
			buildActionMask = 2147483647;
			files = (
				AA8625CC2546118300D2B60E /* BroDataStore.swift in Sources */,
				AA8625D2254611D600D2B60E /* BroDataModel.xcdatamodeld in Sources */,
				AA1AA6A42595357600A038BF /* ExerciseSheetView.swift in Sources */,
				AAAA0027253CADE6001E4EF4 /* MainView.swift in Sources */,
				AAAA0089253D2866001E4EF4 /* ConfigurationView.swift in Sources */,
				AA59C9402533856A0035DC87 /* WorkoutView.swift in Sources */,
				AA1AA6A52595357600A038BF /* WorkoutFetcher+Exercise.swift in Sources */,
				AA59C93E2533856A0035DC87 /* bromoApp.swift in Sources */,
				AA74FAAB25967D1800CF4135 /* workouts+lifts.swift in Sources */,
				AA1AA67A25946DAA00A038BF /* LogView.swift in Sources */,
			);
			runOnlyForDeploymentPostprocessing = 0;
		};
/* End PBXSourcesBuildPhase section */

/* Begin XCBuildConfiguration section */
		AA59C9472533856B0035DC87 /* Debug */ = {
			isa = XCBuildConfiguration;
			buildSettings = {
				ALWAYS_SEARCH_USER_PATHS = NO;
				CLANG_ANALYZER_NONNULL = YES;
				CLANG_ANALYZER_NUMBER_OBJECT_CONVERSION = YES_AGGRESSIVE;
				CLANG_CXX_LANGUAGE_STANDARD = "gnu++14";
				CLANG_CXX_LIBRARY = "libc++";
				CLANG_ENABLE_MODULES = YES;
				CLANG_ENABLE_OBJC_ARC = YES;
				CLANG_ENABLE_OBJC_WEAK = YES;
				CLANG_WARN_BLOCK_CAPTURE_AUTORELEASING = YES;
				CLANG_WARN_BOOL_CONVERSION = YES;
				CLANG_WARN_COMMA = YES;
				CLANG_WARN_CONSTANT_CONVERSION = YES;
				CLANG_WARN_DEPRECATED_OBJC_IMPLEMENTATIONS = YES;
				CLANG_WARN_DIRECT_OBJC_ISA_USAGE = YES_ERROR;
				CLANG_WARN_DOCUMENTATION_COMMENTS = YES;
				CLANG_WARN_EMPTY_BODY = YES;
				CLANG_WARN_ENUM_CONVERSION = YES;
				CLANG_WARN_INFINITE_RECURSION = YES;
				CLANG_WARN_INT_CONVERSION = YES;
				CLANG_WARN_NON_LITERAL_NULL_CONVERSION = YES;
				CLANG_WARN_OBJC_IMPLICIT_RETAIN_SELF = YES;
				CLANG_WARN_OBJC_LITERAL_CONVERSION = YES;
				CLANG_WARN_OBJC_ROOT_CLASS = YES_ERROR;
				CLANG_WARN_QUOTED_INCLUDE_IN_FRAMEWORK_HEADER = YES;
				CLANG_WARN_RANGE_LOOP_ANALYSIS = YES;
				CLANG_WARN_STRICT_PROTOTYPES = YES;
				CLANG_WARN_SUSPICIOUS_MOVE = YES;
				CLANG_WARN_UNGUARDED_AVAILABILITY = YES_AGGRESSIVE;
				CLANG_WARN_UNREACHABLE_CODE = YES;
				CLANG_WARN__DUPLICATE_METHOD_MATCH = YES;
				COPY_PHASE_STRIP = NO;
				DEBUG_INFORMATION_FORMAT = dwarf;
				ENABLE_STRICT_OBJC_MSGSEND = YES;
				ENABLE_TESTABILITY = YES;
				GCC_C_LANGUAGE_STANDARD = gnu11;
				GCC_DYNAMIC_NO_PIC = NO;
				GCC_NO_COMMON_BLOCKS = YES;
				GCC_OPTIMIZATION_LEVEL = 0;
				GCC_PREPROCESSOR_DEFINITIONS = (
					"DEBUG=1",
					"$(inherited)",
				);
				GCC_WARN_64_TO_32_BIT_CONVERSION = YES;
				GCC_WARN_ABOUT_RETURN_TYPE = YES_ERROR;
				GCC_WARN_UNDECLARED_SELECTOR = YES;
				GCC_WARN_UNINITIALIZED_AUTOS = YES_AGGRESSIVE;
				GCC_WARN_UNUSED_FUNCTION = YES;
				GCC_WARN_UNUSED_VARIABLE = YES;
				IPHONEOS_DEPLOYMENT_TARGET = 14.0;
				MTL_ENABLE_DEBUG_INFO = INCLUDE_SOURCE;
				MTL_FAST_MATH = YES;
				ONLY_ACTIVE_ARCH = YES;
				SDKROOT = iphoneos;
				SWIFT_ACTIVE_COMPILATION_CONDITIONS = DEBUG;
				SWIFT_OPTIMIZATION_LEVEL = "-Onone";
			};
			name = Debug;
		};
		AA59C9482533856B0035DC87 /* Release */ = {
			isa = XCBuildConfiguration;
			buildSettings = {
				ALWAYS_SEARCH_USER_PATHS = NO;
				CLANG_ANALYZER_NONNULL = YES;
				CLANG_ANALYZER_NUMBER_OBJECT_CONVERSION = YES_AGGRESSIVE;
				CLANG_CXX_LANGUAGE_STANDARD = "gnu++14";
				CLANG_CXX_LIBRARY = "libc++";
				CLANG_ENABLE_MODULES = YES;
				CLANG_ENABLE_OBJC_ARC = YES;
				CLANG_ENABLE_OBJC_WEAK = YES;
				CLANG_WARN_BLOCK_CAPTURE_AUTORELEASING = YES;
				CLANG_WARN_BOOL_CONVERSION = YES;
				CLANG_WARN_COMMA = YES;
				CLANG_WARN_CONSTANT_CONVERSION = YES;
				CLANG_WARN_DEPRECATED_OBJC_IMPLEMENTATIONS = YES;
				CLANG_WARN_DIRECT_OBJC_ISA_USAGE = YES_ERROR;
				CLANG_WARN_DOCUMENTATION_COMMENTS = YES;
				CLANG_WARN_EMPTY_BODY = YES;
				CLANG_WARN_ENUM_CONVERSION = YES;
				CLANG_WARN_INFINITE_RECURSION = YES;
				CLANG_WARN_INT_CONVERSION = YES;
				CLANG_WARN_NON_LITERAL_NULL_CONVERSION = YES;
				CLANG_WARN_OBJC_IMPLICIT_RETAIN_SELF = YES;
				CLANG_WARN_OBJC_LITERAL_CONVERSION = YES;
				CLANG_WARN_OBJC_ROOT_CLASS = YES_ERROR;
				CLANG_WARN_QUOTED_INCLUDE_IN_FRAMEWORK_HEADER = YES;
				CLANG_WARN_RANGE_LOOP_ANALYSIS = YES;
				CLANG_WARN_STRICT_PROTOTYPES = YES;
				CLANG_WARN_SUSPICIOUS_MOVE = YES;
				CLANG_WARN_UNGUARDED_AVAILABILITY = YES_AGGRESSIVE;
				CLANG_WARN_UNREACHABLE_CODE = YES;
				CLANG_WARN__DUPLICATE_METHOD_MATCH = YES;
				COPY_PHASE_STRIP = NO;
				DEBUG_INFORMATION_FORMAT = "dwarf-with-dsym";
				ENABLE_NS_ASSERTIONS = NO;
				ENABLE_STRICT_OBJC_MSGSEND = YES;
				GCC_C_LANGUAGE_STANDARD = gnu11;
				GCC_NO_COMMON_BLOCKS = YES;
				GCC_WARN_64_TO_32_BIT_CONVERSION = YES;
				GCC_WARN_ABOUT_RETURN_TYPE = YES_ERROR;
				GCC_WARN_UNDECLARED_SELECTOR = YES;
				GCC_WARN_UNINITIALIZED_AUTOS = YES_AGGRESSIVE;
				GCC_WARN_UNUSED_FUNCTION = YES;
				GCC_WARN_UNUSED_VARIABLE = YES;
				IPHONEOS_DEPLOYMENT_TARGET = 14.0;
				MTL_ENABLE_DEBUG_INFO = NO;
				MTL_FAST_MATH = YES;
				SDKROOT = iphoneos;
				SWIFT_COMPILATION_MODE = wholemodule;
				SWIFT_OPTIMIZATION_LEVEL = "-O";
				VALIDATE_PRODUCT = YES;
			};
			name = Release;
		};
		AA59C94A2533856B0035DC87 /* Debug */ = {
			isa = XCBuildConfiguration;
			buildSettings = {
				ASSETCATALOG_COMPILER_APPICON_NAME = AppIcon;
				ASSETCATALOG_COMPILER_GLOBAL_ACCENT_COLOR_NAME = AccentColor;
				CODE_SIGN_STYLE = Automatic;
				DEVELOPMENT_ASSET_PATHS = "\"bromo/Preview Content\"";
				DEVELOPMENT_TEAM = W6X7YWSFNB;
				ENABLE_PREVIEWS = YES;
				INFOPLIST_FILE = bromo/Info.plist;
				IPHONEOS_DEPLOYMENT_TARGET = 14.0;
				LD_RUNPATH_SEARCH_PATHS = (
					"$(inherited)",
					"@executable_path/Frameworks",
				);
				PRODUCT_BUNDLE_IDENTIFIER = com.broscience.bromo;
				PRODUCT_NAME = "$(TARGET_NAME)";
				SWIFT_VERSION = 5.0;
				TARGETED_DEVICE_FAMILY = "1,2";
			};
			name = Debug;
		};
		AA59C94B2533856B0035DC87 /* Release */ = {
			isa = XCBuildConfiguration;
			buildSettings = {
				ASSETCATALOG_COMPILER_APPICON_NAME = AppIcon;
				ASSETCATALOG_COMPILER_GLOBAL_ACCENT_COLOR_NAME = AccentColor;
				CODE_SIGN_STYLE = Automatic;
				DEVELOPMENT_ASSET_PATHS = "\"bromo/Preview Content\"";
				DEVELOPMENT_TEAM = W6X7YWSFNB;
				ENABLE_PREVIEWS = YES;
				INFOPLIST_FILE = bromo/Info.plist;
				IPHONEOS_DEPLOYMENT_TARGET = 14.0;
				LD_RUNPATH_SEARCH_PATHS = (
					"$(inherited)",
					"@executable_path/Frameworks",
				);
				PRODUCT_BUNDLE_IDENTIFIER = com.broscience.bromo;
				PRODUCT_NAME = "$(TARGET_NAME)";
				SWIFT_VERSION = 5.0;
				TARGETED_DEVICE_FAMILY = "1,2";
			};
			name = Release;
		};
/* End XCBuildConfiguration section */

/* Begin XCConfigurationList section */
		AA59C9352533856A0035DC87 /* Build configuration list for PBXProject "bromo" */ = {
			isa = XCConfigurationList;
			buildConfigurations = (
				AA59C9472533856B0035DC87 /* Debug */,
				AA59C9482533856B0035DC87 /* Release */,
			);
			defaultConfigurationIsVisible = 0;
			defaultConfigurationName = Release;
		};
		AA59C9492533856B0035DC87 /* Build configuration list for PBXNativeTarget "bromo" */ = {
			isa = XCConfigurationList;
			buildConfigurations = (
				AA59C94A2533856B0035DC87 /* Debug */,
				AA59C94B2533856B0035DC87 /* Release */,
			);
			defaultConfigurationIsVisible = 0;
			defaultConfigurationName = Release;
		};
/* End XCConfigurationList section */

/* Begin XCVersionGroup section */
		AA8625D0254611D600D2B60E /* BroDataModel.xcdatamodeld */ = {
			isa = XCVersionGroup;
			children = (
				AA8625D1254611D600D2B60E /* BroDataModel.xcdatamodel */,
			);
			currentVersion = AA8625D1254611D600D2B60E /* BroDataModel.xcdatamodel */;
			path = BroDataModel.xcdatamodeld;
			sourceTree = "<group>";
			versionGroupType = wrapper.xcdatamodel;
		};
/* End XCVersionGroup section */
	};
	rootObject = AA59C9322533856A0035DC87 /* Project object */;
}
